// !$*UTF8*$!
{
	archiveVersion = 1;
	classes = {
	};
	objectVersion = 55;
	objects = {

/* Begin PBXBuildFile section */
		8210BF2E2776830F00EBDACB /* DetailServiceView.swift in Sources */ = {isa = PBXBuildFile; fileRef = 8210BF2D2776830F00EBDACB /* DetailServiceView.swift */; };
		8210BF31277686CE00EBDACB /* WelcomeView.swift in Sources */ = {isa = PBXBuildFile; fileRef = 8210BF30277686CE00EBDACB /* WelcomeView.swift */; };
		825E2DF72770283300D76C27 /* DetailUserView.swift in Sources */ = {isa = PBXBuildFile; fileRef = 825E2DF62770283300D76C27 /* DetailUserView.swift */; };
		82D844FF276F0F9F0052B907 /* ServiceOnBookingApp.swift in Sources */ = {isa = PBXBuildFile; fileRef = 82D844FE276F0F9F0052B907 /* ServiceOnBookingApp.swift */; };
		82D84501276F0F9F0052B907 /* ContentView.swift in Sources */ = {isa = PBXBuildFile; fileRef = 82D84500276F0F9F0052B907 /* ContentView.swift */; };
		82D84503276F0FA00052B907 /* Assets.xcassets in Resources */ = {isa = PBXBuildFile; fileRef = 82D84502276F0FA00052B907 /* Assets.xcassets */; };
		82D84506276F0FA00052B907 /* Preview Assets.xcassets in Resources */ = {isa = PBXBuildFile; fileRef = 82D84505276F0FA00052B907 /* Preview Assets.xcassets */; };
		82D84508276F0FA00052B907 /* Persistence.swift in Sources */ = {isa = PBXBuildFile; fileRef = 82D84507276F0FA00052B907 /* Persistence.swift */; };
		82D8450B276F0FA00052B907 /* ServiceOnBooking.xcdatamodeld in Sources */ = {isa = PBXBuildFile; fileRef = 82D84509276F0FA00052B907 /* ServiceOnBooking.xcdatamodeld */; };
		82D84512276FAF600052B907 /* RegistrationNewClient.swift in Sources */ = {isa = PBXBuildFile; fileRef = 82D84511276FAF600052B907 /* RegistrationNewClient.swift */; };
		82D84514276FCB270052B907 /* ServicesView.swift in Sources */ = {isa = PBXBuildFile; fileRef = 82D84513276FCB270052B907 /* ServicesView.swift */; };
/* End PBXBuildFile section */

/* Begin PBXFileReference section */
		8210BF2D2776830F00EBDACB /* DetailServiceView.swift */ = {isa = PBXFileReference; lastKnownFileType = sourcecode.swift; path = DetailServiceView.swift; sourceTree = "<group>"; };
		8210BF30277686CE00EBDACB /* WelcomeView.swift */ = {isa = PBXFileReference; lastKnownFileType = sourcecode.swift; path = WelcomeView.swift; sourceTree = "<group>"; };
		825E2DF62770283300D76C27 /* DetailUserView.swift */ = {isa = PBXFileReference; lastKnownFileType = sourcecode.swift; path = DetailUserView.swift; sourceTree = "<group>"; };
		825E2DF827702DC100D76C27 /* Info.plist */ = {isa = PBXFileReference; lastKnownFileType = text.plist; path = Info.plist; sourceTree = "<group>"; };
		82D844FB276F0F9F0052B907 /* ServiceOnBooking.app */ = {isa = PBXFileReference; explicitFileType = wrapper.application; includeInIndex = 0; path = ServiceOnBooking.app; sourceTree = BUILT_PRODUCTS_DIR; };
		82D844FE276F0F9F0052B907 /* ServiceOnBookingApp.swift */ = {isa = PBXFileReference; lastKnownFileType = sourcecode.swift; path = ServiceOnBookingApp.swift; sourceTree = "<group>"; };
		82D84500276F0F9F0052B907 /* ContentView.swift */ = {isa = PBXFileReference; lastKnownFileType = sourcecode.swift; path = ContentView.swift; sourceTree = "<group>"; };
		82D84502276F0FA00052B907 /* Assets.xcassets */ = {isa = PBXFileReference; lastKnownFileType = folder.assetcatalog; path = Assets.xcassets; sourceTree = "<group>"; };
		82D84505276F0FA00052B907 /* Preview Assets.xcassets */ = {isa = PBXFileReference; lastKnownFileType = folder.assetcatalog; path = "Preview Assets.xcassets"; sourceTree = "<group>"; };
		82D84507276F0FA00052B907 /* Persistence.swift */ = {isa = PBXFileReference; lastKnownFileType = sourcecode.swift; path = Persistence.swift; sourceTree = "<group>"; };
		82D8450A276F0FA00052B907 /* ServiceOnBooking.xcdatamodel */ = {isa = PBXFileReference; lastKnownFileType = wrapper.xcdatamodel; path = ServiceOnBooking.xcdatamodel; sourceTree = "<group>"; };
		82D84511276FAF600052B907 /* RegistrationNewClient.swift */ = {isa = PBXFileReference; lastKnownFileType = sourcecode.swift; path = RegistrationNewClient.swift; sourceTree = "<group>"; };
		82D84513276FCB270052B907 /* ServicesView.swift */ = {isa = PBXFileReference; lastKnownFileType = sourcecode.swift; path = ServicesView.swift; sourceTree = "<group>"; };
/* End PBXFileReference section */

/* Begin PBXFrameworksBuildPhase section */
		82D844F8276F0F9F0052B907 /* Frameworks */ = {
			isa = PBXFrameworksBuildPhase;
			buildActionMask = 2147483647;
			files = (
			);
			runOnlyForDeploymentPostprocessing = 0;
		};
/* End PBXFrameworksBuildPhase section */

/* Begin PBXGroup section */
		8210BF2B277682C700EBDACB /* Modules */ = {
			isa = PBXGroup;
			children = (
				8210BF2F277686BF00EBDACB /* Welcome */,
				8210BF2C277682DE00EBDACB /* DetailService */,
				825E2DF52770281F00D76C27 /* DetailUser */,
			);
			path = Modules;
			sourceTree = "<group>";
		};
		8210BF2C277682DE00EBDACB /* DetailService */ = {
			isa = PBXGroup;
			children = (
				8210BF2D2776830F00EBDACB /* DetailServiceView.swift */,
			);
			path = DetailService;
			sourceTree = "<group>";
		};
		8210BF2F277686BF00EBDACB /* Welcome */ = {
			isa = PBXGroup;
			children = (
				8210BF30277686CE00EBDACB /* WelcomeView.swift */,
			);
			path = Welcome;
			sourceTree = "<group>";
		};
		825E2DF52770281F00D76C27 /* DetailUser */ = {
			isa = PBXGroup;
			children = (
				825E2DF62770283300D76C27 /* DetailUserView.swift */,
			);
			path = DetailUser;
			sourceTree = "<group>";
		};
		82D844F2276F0F9F0052B907 = {
			isa = PBXGroup;
			children = (
				82D844FD276F0F9F0052B907 /* ServiceOnBooking */,
				82D844FC276F0F9F0052B907 /* Products */,
			);
			sourceTree = "<group>";
		};
		82D844FC276F0F9F0052B907 /* Products */ = {
			isa = PBXGroup;
			children = (
				82D844FB276F0F9F0052B907 /* ServiceOnBooking.app */,
			);
			name = Products;
			sourceTree = "<group>";
		};
		82D844FD276F0F9F0052B907 /* ServiceOnBooking */ = {
			isa = PBXGroup;
			children = (
				8210BF2B277682C700EBDACB /* Modules */,
				825E2DF827702DC100D76C27 /* Info.plist */,
				82D844FE276F0F9F0052B907 /* ServiceOnBookingApp.swift */,
				82D84500276F0F9F0052B907 /* ContentView.swift */,
				82D84511276FAF600052B907 /* RegistrationNewClient.swift */,
				82D84502276F0FA00052B907 /* Assets.xcassets */,
				82D84507276F0FA00052B907 /* Persistence.swift */,
				82D84509276F0FA00052B907 /* ServiceOnBooking.xcdatamodeld */,
				82D84513276FCB270052B907 /* ServicesView.swift */,
				82D84504276F0FA00052B907 /* Preview Content */,
			);
			path = ServiceOnBooking;
			sourceTree = "<group>";
		};
		82D84504276F0FA00052B907 /* Preview Content */ = {
			isa = PBXGroup;
			children = (
				82D84505276F0FA00052B907 /* Preview Assets.xcassets */,
			);
			path = "Preview Content";
			sourceTree = "<group>";
		};
/* End PBXGroup section */

/* Begin PBXNativeTarget section */
		82D844FA276F0F9F0052B907 /* ServiceOnBooking */ = {
			isa = PBXNativeTarget;
			buildConfigurationList = 82D8450E276F0FA00052B907 /* Build configuration list for PBXNativeTarget "ServiceOnBooking" */;
			buildPhases = (
				82D844F7276F0F9F0052B907 /* Sources */,
				82D844F8276F0F9F0052B907 /* Frameworks */,
				82D844F9276F0F9F0052B907 /* Resources */,
			);
			buildRules = (
			);
			dependencies = (
			);
			name = ServiceOnBooking;
			productName = ServiceOnBooking;
			productReference = 82D844FB276F0F9F0052B907 /* ServiceOnBooking.app */;
			productType = "com.apple.product-type.application";
		};
/* End PBXNativeTarget section */

/* Begin PBXProject section */
		82D844F3276F0F9F0052B907 /* Project object */ = {
			isa = PBXProject;
			attributes = {
				BuildIndependentTargetsInParallel = 1;
				LastSwiftUpdateCheck = 1320;
				LastUpgradeCheck = 1320;
				TargetAttributes = {
					82D844FA276F0F9F0052B907 = {
						CreatedOnToolsVersion = 13.2.1;
					};
				};
			};
			buildConfigurationList = 82D844F6276F0F9F0052B907 /* Build configuration list for PBXProject "ServiceOnBooking" */;
			compatibilityVersion = "Xcode 13.0";
			developmentRegion = en;
			hasScannedForEncodings = 0;
			knownRegions = (
				en,
				Base,
			);
			mainGroup = 82D844F2276F0F9F0052B907;
			productRefGroup = 82D844FC276F0F9F0052B907 /* Products */;
			projectDirPath = "";
			projectRoot = "";
			targets = (
				82D844FA276F0F9F0052B907 /* ServiceOnBooking */,
			);
		};
/* End PBXProject section */

/* Begin PBXResourcesBuildPhase section */
		82D844F9276F0F9F0052B907 /* Resources */ = {
			isa = PBXResourcesBuildPhase;
			buildActionMask = 2147483647;
			files = (
				82D84506276F0FA00052B907 /* Preview Assets.xcassets in Resources */,
				82D84503276F0FA00052B907 /* Assets.xcassets in Resources */,
			);
			runOnlyForDeploymentPostprocessing = 0;
		};
/* End PBXResourcesBuildPhase section */

/* Begin PBXSourcesBuildPhase section */
		82D844F7276F0F9F0052B907 /* Sources */ = {
			isa = PBXSourcesBuildPhase;
			buildActionMask = 2147483647;
			files = (
				82D8450B276F0FA00052B907 /* ServiceOnBooking.xcdatamodeld in Sources */,
				8210BF2E2776830F00EBDACB /* DetailServiceView.swift in Sources */,
				82D84512276FAF600052B907 /* RegistrationNewClient.swift in Sources */,
				82D84514276FCB270052B907 /* ServicesView.swift in Sources */,
				8210BF31277686CE00EBDACB /* WelcomeView.swift in Sources */,
				82D84508276F0FA00052B907 /* Persistence.swift in Sources */,
				82D84501276F0F9F0052B907 /* ContentView.swift in Sources */,
				82D844FF276F0F9F0052B907 /* ServiceOnBookingApp.swift in Sources */,
				825E2DF72770283300D76C27 /* DetailUserView.swift in Sources */,
			);
			runOnlyForDeploymentPostprocessing = 0;
		};
/* End PBXSourcesBuildPhase section */

/* Begin XCBuildConfiguration section */
		82D8450C276F0FA00052B907 /* Debug */ = {
			isa = XCBuildConfiguration;
			buildSettings = {
				ALWAYS_SEARCH_USER_PATHS = NO;
				CLANG_ANALYZER_NONNULL = YES;
				CLANG_ANALYZER_NUMBER_OBJECT_CONVERSION = YES_AGGRESSIVE;
				CLANG_CXX_LANGUAGE_STANDARD = "gnu++17";
				CLANG_CXX_LIBRARY = "libc++";
				CLANG_ENABLE_MODULES = YES;
				CLANG_ENABLE_OBJC_ARC = YES;
				CLANG_ENABLE_OBJC_WEAK = YES;
				CLANG_WARN_BLOCK_CAPTURE_AUTORELEASING = YES;
				CLANG_WARN_BOOL_CONVERSION = YES;
				CLANG_WARN_COMMA = YES;
				CLANG_WARN_CONSTANT_CONVERSION = YES;
				CLANG_WARN_DEPRECATED_OBJC_IMPLEMENTATIONS = YES;
				CLANG_WARN_DIRECT_OBJC_ISA_USAGE = YES_ERROR;
				CLANG_WARN_DOCUMENTATION_COMMENTS = YES;
				CLANG_WARN_EMPTY_BODY = YES;
				CLANG_WARN_ENUM_CONVERSION = YES;
				CLANG_WARN_INFINITE_RECURSION = YES;
				CLANG_WARN_INT_CONVERSION = YES;
				CLANG_WARN_NON_LITERAL_NULL_CONVERSION = YES;
				CLANG_WARN_OBJC_IMPLICIT_RETAIN_SELF = YES;
				CLANG_WARN_OBJC_LITERAL_CONVERSION = YES;
				CLANG_WARN_OBJC_ROOT_CLASS = YES_ERROR;
				CLANG_WARN_QUOTED_INCLUDE_IN_FRAMEWORK_HEADER = YES;
				CLANG_WARN_RANGE_LOOP_ANALYSIS = YES;
				CLANG_WARN_STRICT_PROTOTYPES = YES;
				CLANG_WARN_SUSPICIOUS_MOVE = YES;
				CLANG_WARN_UNGUARDED_AVAILABILITY = YES_AGGRESSIVE;
				CLANG_WARN_UNREACHABLE_CODE = YES;
				CLANG_WARN__DUPLICATE_METHOD_MATCH = YES;
				COPY_PHASE_STRIP = NO;
				DEBUG_INFORMATION_FORMAT = dwarf;
				ENABLE_STRICT_OBJC_MSGSEND = YES;
				ENABLE_TESTABILITY = YES;
				GCC_C_LANGUAGE_STANDARD = gnu11;
				GCC_DYNAMIC_NO_PIC = NO;
				GCC_NO_COMMON_BLOCKS = YES;
				GCC_OPTIMIZATION_LEVEL = 0;
				GCC_PREPROCESSOR_DEFINITIONS = (
					"DEBUG=1",
					"$(inherited)",
				);
				GCC_WARN_64_TO_32_BIT_CONVERSION = YES;
				GCC_WARN_ABOUT_RETURN_TYPE = YES_ERROR;
				GCC_WARN_UNDECLARED_SELECTOR = YES;
				GCC_WARN_UNINITIALIZED_AUTOS = YES_AGGRESSIVE;
				GCC_WARN_UNUSED_FUNCTION = YES;
				GCC_WARN_UNUSED_VARIABLE = YES;
				IPHONEOS_DEPLOYMENT_TARGET = 15.2;
				MTL_ENABLE_DEBUG_INFO = INCLUDE_SOURCE;
				MTL_FAST_MATH = YES;
				ONLY_ACTIVE_ARCH = YES;
				SDKROOT = iphoneos;
				SWIFT_ACTIVE_COMPILATION_CONDITIONS = DEBUG;
				SWIFT_OPTIMIZATION_LEVEL = "-Onone";
			};
			name = Debug;
		};
		82D8450D276F0FA00052B907 /* Release */ = {
			isa = XCBuildConfiguration;
			buildSettings = {
				ALWAYS_SEARCH_USER_PATHS = NO;
				CLANG_ANALYZER_NONNULL = YES;
				CLANG_ANALYZER_NUMBER_OBJECT_CONVERSION = YES_AGGRESSIVE;
				CLANG_CXX_LANGUAGE_STANDARD = "gnu++17";
				CLANG_CXX_LIBRARY = "libc++";
				CLANG_ENABLE_MODULES = YES;
				CLANG_ENABLE_OBJC_ARC = YES;
				CLANG_ENABLE_OBJC_WEAK = YES;
				CLANG_WARN_BLOCK_CAPTURE_AUTORELEASING = YES;
				CLANG_WARN_BOOL_CONVERSION = YES;
				CLANG_WARN_COMMA = YES;
				CLANG_WARN_CONSTANT_CONVERSION = YES;
				CLANG_WARN_DEPRECATED_OBJC_IMPLEMENTATIONS = YES;
				CLANG_WARN_DIRECT_OBJC_ISA_USAGE = YES_ERROR;
				CLANG_WARN_DOCUMENTATION_COMMENTS = YES;
				CLANG_WARN_EMPTY_BODY = YES;
				CLANG_WARN_ENUM_CONVERSION = YES;
				CLANG_WARN_INFINITE_RECURSION = YES;
				CLANG_WARN_INT_CONVERSION = YES;
				CLANG_WARN_NON_LITERAL_NULL_CONVERSION = YES;
				CLANG_WARN_OBJC_IMPLICIT_RETAIN_SELF = YES;
				CLANG_WARN_OBJC_LITERAL_CONVERSION = YES;
				CLANG_WARN_OBJC_ROOT_CLASS = YES_ERROR;
				CLANG_WARN_QUOTED_INCLUDE_IN_FRAMEWORK_HEADER = YES;
				CLANG_WARN_RANGE_LOOP_ANALYSIS = YES;
				CLANG_WARN_STRICT_PROTOTYPES = YES;
				CLANG_WARN_SUSPICIOUS_MOVE = YES;
				CLANG_WARN_UNGUARDED_AVAILABILITY = YES_AGGRESSIVE;
				CLANG_WARN_UNREACHABLE_CODE = YES;
				CLANG_WARN__DUPLICATE_METHOD_MATCH = YES;
				COPY_PHASE_STRIP = NO;
				DEBUG_INFORMATION_FORMAT = "dwarf-with-dsym";
				ENABLE_NS_ASSERTIONS = NO;
				ENABLE_STRICT_OBJC_MSGSEND = YES;
				GCC_C_LANGUAGE_STANDARD = gnu11;
				GCC_NO_COMMON_BLOCKS = YES;
				GCC_WARN_64_TO_32_BIT_CONVERSION = YES;
				GCC_WARN_ABOUT_RETURN_TYPE = YES_ERROR;
				GCC_WARN_UNDECLARED_SELECTOR = YES;
				GCC_WARN_UNINITIALIZED_AUTOS = YES_AGGRESSIVE;
				GCC_WARN_UNUSED_FUNCTION = YES;
				GCC_WARN_UNUSED_VARIABLE = YES;
				IPHONEOS_DEPLOYMENT_TARGET = 15.2;
				MTL_ENABLE_DEBUG_INFO = NO;
				MTL_FAST_MATH = YES;
				SDKROOT = iphoneos;
				SWIFT_COMPILATION_MODE = wholemodule;
				SWIFT_OPTIMIZATION_LEVEL = "-O";
				VALIDATE_PRODUCT = YES;
			};
			name = Release;
		};
		82D8450F276F0FA00052B907 /* Debug */ = {
			isa = XCBuildConfiguration;
			buildSettings = {
				ASSETCATALOG_COMPILER_APPICON_NAME = AppIcon;
				ASSETCATALOG_COMPILER_GLOBAL_ACCENT_COLOR_NAME = AccentColor;
				CODE_SIGN_STYLE = Automatic;
				CURRENT_PROJECT_VERSION = 1;
				DEVELOPMENT_ASSET_PATHS = "\"ServiceOnBooking/Preview Content\"";
				DEVELOPMENT_TEAM = 274RF4F6D5;
				ENABLE_PREVIEWS = YES;
				GENERATE_INFOPLIST_FILE = YES;
				INFOPLIST_FILE = ServiceOnBooking/Info.plist;
				INFOPLIST_KEY_NSCameraUsageDescription = "Чтобы ставить аватарку";
				INFOPLIST_KEY_UIApplicationSceneManifest_Generation = YES;
				INFOPLIST_KEY_UIApplicationSupportsIndirectInputEvents = YES;
				INFOPLIST_KEY_UILaunchScreen_Generation = YES;
				INFOPLIST_KEY_UISupportedInterfaceOrientations_iPad = "UIInterfaceOrientationPortrait UIInterfaceOrientationPortraitUpsideDown UIInterfaceOrientationLandscapeLeft UIInterfaceOrientationLandscapeRight";
				INFOPLIST_KEY_UISupportedInterfaceOrientations_iPhone = "UIInterfaceOrientationPortrait UIInterfaceOrientationLandscapeLeft UIInterfaceOrientationLandscapeRight";
				LD_RUNPATH_SEARCH_PATHS = (
					"$(inherited)",
					"@executable_path/Frameworks",
				);
				MARKETING_VERSION = 1.0;
				PRODUCT_BUNDLE_IDENTIFIER = chesnikov.ServiceOnBooking;
				PRODUCT_NAME = "$(TARGET_NAME)";
				SWIFT_EMIT_LOC_STRINGS = YES;
				SWIFT_VERSION = 5.0;
				TARGETED_DEVICE_FAMILY = "1,2";
			};
			name = Debug;
		};
		82D84510276F0FA00052B907 /* Release */ = {
			isa = XCBuildConfiguration;
			buildSettings = {
				ASSETCATALOG_COMPILER_APPICON_NAME = AppIcon;
				ASSETCATALOG_COMPILER_GLOBAL_ACCENT_COLOR_NAME = AccentColor;
				CODE_SIGN_STYLE = Automatic;
				CURRENT_PROJECT_VERSION = 1;
				DEVELOPMENT_ASSET_PATHS = "\"ServiceOnBooking/Preview Content\"";
				DEVELOPMENT_TEAM = 274RF4F6D5;
				ENABLE_PREVIEWS = YES;
				GENERATE_INFOPLIST_FILE = YES;
				INFOPLIST_FILE = ServiceOnBooking/Info.plist;
				INFOPLIST_KEY_NSCameraUsageDescription = "Чтобы ставить аватарку";
				INFOPLIST_KEY_UIApplicationSceneManifest_Generation = YES;
				INFOPLIST_KEY_UIApplicationSupportsIndirectInputEvents = YES;
				INFOPLIST_KEY_UILaunchScreen_Generation = YES;
				INFOPLIST_KEY_UISupportedInterfaceOrientations_iPad = "UIInterfaceOrientationPortrait UIInterfaceOrientationPortraitUpsideDown UIInterfaceOrientationLandscapeLeft UIInterfaceOrientationLandscapeRight";
				INFOPLIST_KEY_UISupportedInterfaceOrientations_iPhone = "UIInterfaceOrientationPortrait UIInterfaceOrientationLandscapeLeft UIInterfaceOrientationLandscapeRight";
				LD_RUNPATH_SEARCH_PATHS = (
					"$(inherited)",
					"@executable_path/Frameworks",
				);
				MARKETING_VERSION = 1.0;
				PRODUCT_BUNDLE_IDENTIFIER = chesnikov.ServiceOnBooking;
				PRODUCT_NAME = "$(TARGET_NAME)";
				SWIFT_EMIT_LOC_STRINGS = YES;
				SWIFT_VERSION = 5.0;
				TARGETED_DEVICE_FAMILY = "1,2";
			};
			name = Release;
		};
/* End XCBuildConfiguration section */

/* Begin XCConfigurationList section */
		82D844F6276F0F9F0052B907 /* Build configuration list for PBXProject "ServiceOnBooking" */ = {
			isa = XCConfigurationList;
			buildConfigurations = (
				82D8450C276F0FA00052B907 /* Debug */,
				82D8450D276F0FA00052B907 /* Release */,
			);
			defaultConfigurationIsVisible = 0;
			defaultConfigurationName = Release;
		};
		82D8450E276F0FA00052B907 /* Build configuration list for PBXNativeTarget "ServiceOnBooking" */ = {
			isa = XCConfigurationList;
			buildConfigurations = (
				82D8450F276F0FA00052B907 /* Debug */,
				82D84510276F0FA00052B907 /* Release */,
			);
			defaultConfigurationIsVisible = 0;
			defaultConfigurationName = Release;
		};
/* End XCConfigurationList section */

/* Begin XCVersionGroup section */
		82D84509276F0FA00052B907 /* ServiceOnBooking.xcdatamodeld */ = {
			isa = XCVersionGroup;
			children = (
				82D8450A276F0FA00052B907 /* ServiceOnBooking.xcdatamodel */,
			);
			currentVersion = 82D8450A276F0FA00052B907 /* ServiceOnBooking.xcdatamodel */;
			path = ServiceOnBooking.xcdatamodeld;
			sourceTree = "<group>";
			versionGroupType = wrapper.xcdatamodel;
		};
/* End XCVersionGroup section */
	};
	rootObject = 82D844F3276F0F9F0052B907 /* Project object */;
}
